# This file is @generated by PDM.
# It is not intended for manual editing.

[metadata]
groups = ["default"]
strategy = ["inherit_metadata"]
lock_version = "4.5.0"
content_hash = "sha256:4969a8de9163ed4ad1f01212d17ac7cd23adeca5e1a6ec2aaa13cd4bf2ea8d83"

[[metadata.targets]]
requires_python = "==3.11.*"

[[package]]
name = "annotated-types"
version = "0.7.0"
requires_python = ">=3.8"
summary = "Reusable constraint types to use with typing.Annotated"
groups = ["default"]
dependencies = [
    "typing-extensions>=4.0.0; python_version < \"3.9\"",
]
files = [
    {file = "annotated_types-0.7.0-py3-none-any.whl", hash = "sha256:1f02e8b43a8fbbc3f3e0d4f0f4bfc8131bcb4eebe8849b8e5c773f3a1c582a53"},
    {file = "annotated_types-0.7.0.tar.gz", hash = "sha256:aff07c09a53a08bc8cfccb9c85b05f1aa9a2a6f23728d790723543408344ce89"},
]

[[package]]
name = "anyio"
version = "4.9.0"
requires_python = ">=3.9"
summary = "High level compatibility layer for multiple asynchronous event loop implementations"
groups = ["default"]
dependencies = [
    "exceptiongroup>=1.0.2; python_version < \"3.11\"",
    "idna>=2.8",
    "sniffio>=1.1",
    "typing-extensions>=4.5; python_version < \"3.13\"",
]
files = [
    {file = "anyio-4.9.0-py3-none-any.whl", hash = "sha256:9f76d541cad6e36af7beb62e978876f3b41e3e04f2c1fbf0884604c0a9c4d93c"},
    {file = "anyio-4.9.0.tar.gz", hash = "sha256:673c0c244e15788651a4ff38710fea9675823028a6f08a5eda409e0c9840a028"},
]

[[package]]
name = "bcrypt"
version = "4.3.0"
requires_python = ">=3.8"
summary = "Modern password hashing for your software and your servers"
groups = ["default"]
files = [
    {file = "bcrypt-4.3.0-cp38-abi3-macosx_10_12_universal2.whl", hash = "sha256:f81b0ed2639568bf14749112298f9e4e2b28853dab50a8b357e31798686a036d"},
    {file = "bcrypt-4.3.0-cp38-abi3-manylinux_2_17_aarch64.manylinux2014_aarch64.whl", hash = "sha256:864f8f19adbe13b7de11ba15d85d4a428c7e2f344bac110f667676a0ff84924b"},
    {file = "bcrypt-4.3.0-cp38-abi3-manylinux_2_17_x86_64.manylinux2014_x86_64.whl", hash = "sha256:3e36506d001e93bffe59754397572f21bb5dc7c83f54454c990c74a468cd589e"},
    {file = "bcrypt-4.3.0-cp38-abi3-manylinux_2_28_aarch64.whl", hash = "sha256:842d08d75d9fe9fb94b18b071090220697f9f184d4547179b60734846461ed59"},
    {file = "bcrypt-4.3.0-cp38-abi3-manylinux_2_28_armv7l.manylinux_2_31_armv7l.whl", hash = "sha256:7c03296b85cb87db865d91da79bf63d5609284fc0cab9472fdd8367bbd830753"},
    {file = "bcrypt-4.3.0-cp38-abi3-manylinux_2_28_x86_64.whl", hash = "sha256:62f26585e8b219cdc909b6a0069efc5e4267e25d4a3770a364ac58024f62a761"},
    {file = "bcrypt-4.3.0-cp38-abi3-manylinux_2_34_aarch64.whl", hash = "sha256:beeefe437218a65322fbd0069eb437e7c98137e08f22c4660ac2dc795c31f8bb"},
    {file = "bcrypt-4.3.0-cp38-abi3-manylinux_2_34_x86_64.whl", hash = "sha256:97eea7408db3a5bcce4a55d13245ab3fa566e23b4c67cd227062bb49e26c585d"},
    {file = "bcrypt-4.3.0-cp38-abi3-musllinux_1_1_aarch64.whl", hash = "sha256:191354ebfe305e84f344c5964c7cd5f924a3bfc5d405c75ad07f232b6dffb49f"},
    {file = "bcrypt-4.3.0-cp38-abi3-musllinux_1_1_x86_64.whl", hash = "sha256:41261d64150858eeb5ff43c753c4b216991e0ae16614a308a15d909503617732"},
    {file = "bcrypt-4.3.0-cp38-abi3-musllinux_1_2_aarch64.whl", hash = "sha256:33752b1ba962ee793fa2b6321404bf20011fe45b9afd2a842139de3011898fef"},
    {file = "bcrypt-4.3.0-cp38-abi3-musllinux_1_2_x86_64.whl", hash = "sha256:50e6e80a4bfd23a25f5c05b90167c19030cf9f87930f7cb2eacb99f45d1c3304"},
    {file = "bcrypt-4.3.0-cp38-abi3-win32.whl", hash = "sha256:67a561c4d9fb9465ec866177e7aebcad08fe23aaf6fbd692a6fab69088abfc51"},
    {file = "bcrypt-4.3.0-cp38-abi3-win_amd64.whl", hash = "sha256:584027857bc2843772114717a7490a37f68da563b3620f78a849bcb54dc11e62"},
    {file = "bcrypt-4.3.0-cp39-abi3-macosx_10_12_universal2.whl", hash = "sha256:0d3efb1157edebfd9128e4e46e2ac1a64e0c1fe46fb023158a407c7892b0f8c3"},
    {file = "bcrypt-4.3.0-cp39-abi3-manylinux_2_17_aarch64.manylinux2014_aarch64.whl", hash = "sha256:08bacc884fd302b611226c01014eca277d48f0a05187666bca23aac0dad6fe24"},
    {file = "bcrypt-4.3.0-cp39-abi3-manylinux_2_17_x86_64.manylinux2014_x86_64.whl", hash = "sha256:f6746e6fec103fcd509b96bacdfdaa2fbde9a553245dbada284435173a6f1aef"},
    {file = "bcrypt-4.3.0-cp39-abi3-manylinux_2_28_aarch64.whl", hash = "sha256:afe327968aaf13fc143a56a3360cb27d4ad0345e34da12c7290f1b00b8fe9a8b"},
    {file = "bcrypt-4.3.0-cp39-abi3-manylinux_2_28_armv7l.manylinux_2_31_armv7l.whl", hash = "sha256:d9af79d322e735b1fc33404b5765108ae0ff232d4b54666d46730f8ac1a43676"},
    {file = "bcrypt-4.3.0-cp39-abi3-manylinux_2_28_x86_64.whl", hash = "sha256:f1e3ffa1365e8702dc48c8b360fef8d7afeca482809c5e45e653af82ccd088c1"},
    {file = "bcrypt-4.3.0-cp39-abi3-manylinux_2_34_aarch64.whl", hash = "sha256:3004df1b323d10021fda07a813fd33e0fd57bef0e9a480bb143877f6cba996fe"},
    {file = "bcrypt-4.3.0-cp39-abi3-manylinux_2_34_x86_64.whl", hash = "sha256:531457e5c839d8caea9b589a1bcfe3756b0547d7814e9ce3d437f17da75c32b0"},
    {file = "bcrypt-4.3.0-cp39-abi3-musllinux_1_1_aarch64.whl", hash = "sha256:17a854d9a7a476a89dcef6c8bd119ad23e0f82557afbd2c442777a16408e614f"},
    {file = "bcrypt-4.3.0-cp39-abi3-musllinux_1_1_x86_64.whl", hash = "sha256:6fb1fd3ab08c0cbc6826a2e0447610c6f09e983a281b919ed721ad32236b8b23"},
    {file = "bcrypt-4.3.0-cp39-abi3-musllinux_1_2_aarch64.whl", hash = "sha256:e965a9c1e9a393b8005031ff52583cedc15b7884fce7deb8b0346388837d6cfe"},
    {file = "bcrypt-4.3.0-cp39-abi3-musllinux_1_2_x86_64.whl", hash = "sha256:79e70b8342a33b52b55d93b3a59223a844962bef479f6a0ea318ebbcadf71505"},
    {file = "bcrypt-4.3.0-cp39-abi3-win32.whl", hash = "sha256:b4d4e57f0a63fd0b358eb765063ff661328f69a04494427265950c71b992a39a"},
    {file = "bcrypt-4.3.0-cp39-abi3-win_amd64.whl", hash = "sha256:e53e074b120f2877a35cc6c736b8eb161377caae8925c17688bd46ba56daaa5b"},
    {file = "bcrypt-4.3.0-pp311-pypy311_pp73-manylinux_2_28_aarch64.whl", hash = "sha256:a839320bf27d474e52ef8cb16449bb2ce0ba03ca9f44daba6d93fa1d8828e48a"},
    {file = "bcrypt-4.3.0-pp311-pypy311_pp73-manylinux_2_28_x86_64.whl", hash = "sha256:bdc6a24e754a555d7316fa4774e64c6c3997d27ed2d1964d55920c7c227bc4ce"},
    {file = "bcrypt-4.3.0-pp311-pypy311_pp73-manylinux_2_34_aarch64.whl", hash = "sha256:55a935b8e9a1d2def0626c4269db3fcd26728cbff1e84f0341465c31c4ee56d8"},
    {file = "bcrypt-4.3.0-pp311-pypy311_pp73-manylinux_2_34_x86_64.whl", hash = "sha256:57967b7a28d855313a963aaea51bf6df89f833db4320da458e5b3c5ab6d4c938"},
    {file = "bcrypt-4.3.0.tar.gz", hash = "sha256:3a3fd2204178b6d2adcf09cb4f6426ffef54762577a7c9b54c159008cb288c18"},
]

[[package]]
name = "click"
version = "8.1.8"
requires_python = ">=3.7"
summary = "Composable command line interface toolkit"
groups = ["default"]
dependencies = [
    "colorama; platform_system == \"Windows\"",
    "importlib-metadata; python_version < \"3.8\"",
]
files = [
    {file = "click-8.1.8-py3-none-any.whl", hash = "sha256:63c132bbbed01578a06712a2d1f497bb62d9c1c0d329b7903a866228027263b2"},
    {file = "click-8.1.8.tar.gz", hash = "sha256:ed53c9d8990d83c2a27deae68e4ee337473f6330c040a31d4225c9574d16096a"},
]

[[package]]
name = "colorama"
version = "0.4.6"
requires_python = "!=3.0.*,!=3.1.*,!=3.2.*,!=3.3.*,!=3.4.*,!=3.5.*,!=3.6.*,>=2.7"
summary = "Cross-platform colored terminal text."
groups = ["default"]
marker = "platform_system == \"Windows\""
files = [
    {file = "colorama-0.4.6-py2.py3-none-any.whl", hash = "sha256:4f1d9991f5acc0ca119f9d443620b77f9d6b33703e51011c16baf57afb285fc6"},
    {file = "colorama-0.4.6.tar.gz", hash = "sha256:08695f5cb7ed6e0531a20572697297273c47b8cae5a63ffc6d6ed5c201be6e44"},
]

[[package]]
name = "fastapi"
version = "0.115.12"
requires_python = ">=3.8"
summary = "FastAPI framework, high performance, easy to learn, fast to code, ready for production"
groups = ["default"]
dependencies = [
    "pydantic!=1.8,!=1.8.1,!=2.0.0,!=2.0.1,!=2.1.0,<3.0.0,>=1.7.4",
    "starlette<0.47.0,>=0.40.0",
    "typing-extensions>=4.8.0",
]
files = [
    {file = "fastapi-0.115.12-py3-none-any.whl", hash = "sha256:e94613d6c05e27be7ffebdd6ea5f388112e5e430c8f7d6494a9d1d88d43e814d"},
    {file = "fastapi-0.115.12.tar.gz", hash = "sha256:1e2c2a2646905f9e83d32f04a3f86aff4a286669c6c950ca95b5fd68c2602681"},
]

[[package]]
name = "h11"
version = "0.14.0"
requires_python = ">=3.7"
summary = "A pure-Python, bring-your-own-I/O implementation of HTTP/1.1"
groups = ["default"]
dependencies = [
    "typing-extensions; python_version < \"3.8\"",
]
files = [
    {file = "h11-0.14.0-py3-none-any.whl", hash = "sha256:e3fe4ac4b851c468cc8363d500db52c2ead036020723024a109d37346efaa761"},
    {file = "h11-0.14.0.tar.gz", hash = "sha256:8f19fbbe99e72420ff35c00b27a34cb9937e902a8b810e2c88300c6f0a3b699d"},
]

[[package]]
name = "idna"
version = "3.10"
requires_python = ">=3.6"
summary = "Internationalized Domain Names in Applications (IDNA)"
groups = ["default"]
files = [
    {file = "idna-3.10-py3-none-any.whl", hash = "sha256:946d195a0d259cbba61165e88e65941f16e9b36ea6ddb97f00452bae8b1287d3"},
    {file = "idna-3.10.tar.gz", hash = "sha256:12f65c9b470abda6dc35cf8e63cc574b1c52b11df2c86030af0ac09b01b13ea9"},
]

[[package]]
name = "jose"
version = "1.0.0"
summary = "An implementation of the JOSE draft"
groups = ["default"]
files = [
    {file = "jose-1.0.0.tar.gz", hash = "sha256:8436c3617cd94e1ba97828fbb1ce27c129f66c78fb855b4bb47e122b5f345fba"},
]

[[package]]
name = "pydantic"
version = "2.11.2"
requires_python = ">=3.9"
summary = "Data validation using Python type hints"
groups = ["default"]
dependencies = [
    "annotated-types>=0.6.0",
    "pydantic-core==2.33.1",
    "typing-extensions>=4.12.2",
    "typing-inspection>=0.4.0",
]
files = [
    {file = "pydantic-2.11.2-py3-none-any.whl", hash = "sha256:7f17d25846bcdf89b670a86cdfe7b29a9f1c9ca23dee154221c9aa81845cfca7"},
    {file = "pydantic-2.11.2.tar.gz", hash = "sha256:2138628e050bd7a1e70b91d4bf4a91167f4ad76fdb83209b107c8d84b854917e"},
]

[[package]]
name = "pydantic-core"
version = "2.33.1"
requires_python = ">=3.9"
summary = "Core functionality for Pydantic validation and serialization"
groups = ["default"]
dependencies = [
    "typing-extensions!=4.7.0,>=4.6.0",
]
files = [
    {file = "pydantic_core-2.33.1-cp311-cp311-macosx_10_12_x86_64.whl", hash = "sha256:6e966fc3caaf9f1d96b349b0341c70c8d6573bf1bac7261f7b0ba88f96c56c24"},
    {file = "pydantic_core-2.33.1-cp311-cp311-macosx_11_0_arm64.whl", hash = "sha256:bfd0adeee563d59c598ceabddf2c92eec77abcb3f4a391b19aa7366170bd9e30"},
    {file = "pydantic_core-2.33.1-cp311-cp311-manylinux_2_17_aarch64.manylinux2014_aarch64.whl", hash = "sha256:91815221101ad3c6b507804178a7bb5cb7b2ead9ecd600041669c8d805ebd595"},
    {file = "pydantic_core-2.33.1-cp311-cp311-manylinux_2_17_armv7l.manylinux2014_armv7l.whl", hash = "sha256:9fea9c1869bb4742d174a57b4700c6dadea951df8b06de40c2fedb4f02931c2e"},
    {file = "pydantic_core-2.33.1-cp311-cp311-manylinux_2_17_ppc64le.manylinux2014_ppc64le.whl", hash = "sha256:1d20eb4861329bb2484c021b9d9a977566ab16d84000a57e28061151c62b349a"},
    {file = "pydantic_core-2.33.1-cp311-cp311-manylinux_2_17_s390x.manylinux2014_s390x.whl", hash = "sha256:0fb935c5591573ae3201640579f30128ccc10739b45663f93c06796854405505"},
    {file = "pydantic_core-2.33.1-cp311-cp311-manylinux_2_17_x86_64.manylinux2014_x86_64.whl", hash = "sha256:c964fd24e6166420d18fb53996d8c9fd6eac9bf5ae3ec3d03015be4414ce497f"},
    {file = "pydantic_core-2.33.1-cp311-cp311-manylinux_2_5_i686.manylinux1_i686.whl", hash = "sha256:681d65e9011f7392db5aa002b7423cc442d6a673c635668c227c6c8d0e5a4f77"},
    {file = "pydantic_core-2.33.1-cp311-cp311-musllinux_1_1_aarch64.whl", hash = "sha256:e100c52f7355a48413e2999bfb4e139d2977a904495441b374f3d4fb4a170961"},
    {file = "pydantic_core-2.33.1-cp311-cp311-musllinux_1_1_armv7l.whl", hash = "sha256:048831bd363490be79acdd3232f74a0e9951b11b2b4cc058aeb72b22fdc3abe1"},
    {file = "pydantic_core-2.33.1-cp311-cp311-musllinux_1_1_x86_64.whl", hash = "sha256:bdc84017d28459c00db6f918a7272a5190bec3090058334e43a76afb279eac7c"},
    {file = "pydantic_core-2.33.1-cp311-cp311-win32.whl", hash = "sha256:32cd11c5914d1179df70406427097c7dcde19fddf1418c787540f4b730289896"},
    {file = "pydantic_core-2.33.1-cp311-cp311-win_amd64.whl", hash = "sha256:2ea62419ba8c397e7da28a9170a16219d310d2cf4970dbc65c32faf20d828c83"},
    {file = "pydantic_core-2.33.1-cp311-cp311-win_arm64.whl", hash = "sha256:fc903512177361e868bc1f5b80ac8c8a6e05fcdd574a5fb5ffeac5a9982b9e89"},
    {file = "pydantic_core-2.33.1-pp311-pypy311_pp73-macosx_10_12_x86_64.whl", hash = "sha256:3a371dc00282c4b84246509a5ddc808e61b9864aa1eae9ecc92bb1268b82db4a"},
    {file = "pydantic_core-2.33.1-pp311-pypy311_pp73-macosx_11_0_arm64.whl", hash = "sha256:f59295ecc75a1788af8ba92f2e8c6eeaa5a94c22fc4d151e8d9638814f85c8fc"},
    {file = "pydantic_core-2.33.1-pp311-pypy311_pp73-manylinux_2_17_aarch64.manylinux2014_aarch64.whl", hash = "sha256:08530b8ac922003033f399128505f513e30ca770527cc8bbacf75a84fcc2c74b"},
    {file = "pydantic_core-2.33.1-pp311-pypy311_pp73-manylinux_2_17_x86_64.manylinux2014_x86_64.whl", hash = "sha256:bae370459da6a5466978c0eacf90690cb57ec9d533f8e63e564ef3822bfa04fe"},
    {file = "pydantic_core-2.33.1-pp311-pypy311_pp73-manylinux_2_5_i686.manylinux1_i686.whl", hash = "sha256:e3de2777e3b9f4d603112f78006f4ae0acb936e95f06da6cb1a45fbad6bdb4b5"},
    {file = "pydantic_core-2.33.1-pp311-pypy311_pp73-musllinux_1_1_aarch64.whl", hash = "sha256:3a64e81e8cba118e108d7126362ea30e021291b7805d47e4896e52c791be2761"},
    {file = "pydantic_core-2.33.1-pp311-pypy311_pp73-musllinux_1_1_armv7l.whl", hash = "sha256:52928d8c1b6bda03cc6d811e8923dffc87a2d3c8b3bfd2ce16471c7147a24850"},
    {file = "pydantic_core-2.33.1-pp311-pypy311_pp73-musllinux_1_1_x86_64.whl", hash = "sha256:1b30d92c9412beb5ac6b10a3eb7ef92ccb14e3f2a8d7732e2d739f58b3aa7544"},
    {file = "pydantic_core-2.33.1-pp311-pypy311_pp73-win_amd64.whl", hash = "sha256:f995719707e0e29f0f41a8aa3bcea6e761a36c9136104d3189eafb83f5cec5e5"},
    {file = "pydantic_core-2.33.1.tar.gz", hash = "sha256:bcc9c6fdb0ced789245b02b7d6603e17d1563064ddcfc36f046b61c0c05dd9df"},
]

[[package]]
name = "sniffio"
version = "1.3.1"
requires_python = ">=3.7"
summary = "Sniff out which async library your code is running under"
groups = ["default"]
files = [
    {file = "sniffio-1.3.1-py3-none-any.whl", hash = "sha256:2f6da418d1f1e0fddd844478f41680e794e6051915791a034ff65e5f100525a2"},
    {file = "sniffio-1.3.1.tar.gz", hash = "sha256:f4324edc670a0f49750a81b895f35c3adb843cca46f0530f79fc1babb23789dc"},
]

[[package]]
name = "starlette"
version = "0.46.1"
requires_python = ">=3.9"
summary = "The little ASGI library that shines."
groups = ["default"]
dependencies = [
    "anyio<5,>=3.6.2",
    "typing-extensions>=3.10.0; python_version < \"3.10\"",
]
files = [
    {file = "starlette-0.46.1-py3-none-any.whl", hash = "sha256:77c74ed9d2720138b25875133f3a2dae6d854af2ec37dceb56aef370c1d8a227"},
    {file = "starlette-0.46.1.tar.gz", hash = "sha256:3c88d58ee4bd1bb807c0d1acb381838afc7752f9ddaec81bbe4383611d833230"},
]

[[package]]
name = "typing-extensions"
version = "4.13.1"
requires_python = ">=3.8"
summary = "Backported and Experimental Type Hints for Python 3.8+"
groups = ["default"]
files = [
    {file = "typing_extensions-4.13.1-py3-none-any.whl", hash = "sha256:4b6cf02909eb5495cfbc3f6e8fd49217e6cc7944e145cdda8caa3734777f9e69"},
    {file = "typing_extensions-4.13.1.tar.gz", hash = "sha256:98795af00fb9640edec5b8e31fc647597b4691f099ad75f469a2616be1a76dff"},
]

[[package]]
name = "typing-inspection"
version = "0.4.0"
requires_python = ">=3.9"
summary = "Runtime typing introspection tools"
groups = ["default"]
dependencies = [
    "typing-extensions>=4.12.0",
]
files = [
    {file = "typing_inspection-0.4.0-py3-none-any.whl", hash = "sha256:50e72559fcd2a6367a19f7a7e610e6afcb9fac940c650290eed893d61386832f"},
    {file = "typing_inspection-0.4.0.tar.gz", hash = "sha256:9765c87de36671694a67904bf2c96e395be9c6439bb6c87b5142569dcdd65122"},
]

[[package]]
name = "uvicorn"
version = "0.34.0"
requires_python = ">=3.9"
summary = "The lightning-fast ASGI server."
groups = ["default"]
dependencies = [
    "click>=7.0",
    "h11>=0.8",
    "typing-extensions>=4.0; python_version < \"3.11\"",
]
files = [
    {file = "uvicorn-0.34.0-py3-none-any.whl", hash = "sha256:023dc038422502fa28a09c7a30bf2b6991512da7dcdb8fd35fe57cfc154126f4"},
    {file = "uvicorn-0.34.0.tar.gz", hash = "sha256:404051050cd7e905de2c9a7e61790943440b3416f49cb409f965d9dcd0fa73e9"},
]
