# This file is @generated by PDM.
# It is not intended for manual editing.

[metadata]
groups = ["default"]
strategy = ["inherit_metadata"]
lock_version = "4.5.0"
content_hash = "sha256:bb82ad0c5e969051fc351ce9a1e1bdd92524f287f1b13a122dfc11f9f994e524"

[[metadata.targets]]
requires_python = "==3.11.*"

[[package]]
name = "annotated-types"
version = "0.7.0"
requires_python = ">=3.8"
summary = "Reusable constraint types to use with typing.Annotated"
groups = ["default"]
dependencies = [
    "typing-extensions>=4.0.0; python_version < \"3.9\"",
]
files = [
    {file = "annotated_types-0.7.0-py3-none-any.whl", hash = "sha256:1f02e8b43a8fbbc3f3e0d4f0f4bfc8131bcb4eebe8849b8e5c773f3a1c582a53"},
    {file = "annotated_types-0.7.0.tar.gz", hash = "sha256:aff07c09a53a08bc8cfccb9c85b05f1aa9a2a6f23728d790723543408344ce89"},
]

[[package]]
name = "anyio"
version = "4.9.0"
requires_python = ">=3.9"
summary = "High level compatibility layer for multiple asynchronous event loop implementations"
groups = ["default"]
dependencies = [
    "exceptiongroup>=1.0.2; python_version < \"3.11\"",
    "idna>=2.8",
    "sniffio>=1.1",
    "typing-extensions>=4.5; python_version < \"3.13\"",
]
files = [
    {file = "anyio-4.9.0-py3-none-any.whl", hash = "sha256:9f76d541cad6e36af7beb62e978876f3b41e3e04f2c1fbf0884604c0a9c4d93c"},
    {file = "anyio-4.9.0.tar.gz", hash = "sha256:673c0c244e15788651a4ff38710fea9675823028a6f08a5eda409e0c9840a028"},
]

[[package]]
name = "attrs"
version = "25.3.0"
requires_python = ">=3.8"
summary = "Classes Without Boilerplate"
groups = ["default"]
files = [
    {file = "attrs-25.3.0-py3-none-any.whl", hash = "sha256:427318ce031701fea540783410126f03899a97ffc6f61596ad581ac2e40e3bc3"},
    {file = "attrs-25.3.0.tar.gz", hash = "sha256:75d7cefc7fb576747b2c81b4442d4d4a1ce0900973527c011d1030fd3bf4af1b"},
]

[[package]]
name = "bcrypt"
version = "4.3.0"
requires_python = ">=3.8"
summary = "Modern password hashing for your software and your servers"
groups = ["default"]
files = [
    {file = "bcrypt-4.3.0-cp38-abi3-macosx_10_12_universal2.whl", hash = "sha256:f81b0ed2639568bf14749112298f9e4e2b28853dab50a8b357e31798686a036d"},
    {file = "bcrypt-4.3.0-cp38-abi3-manylinux_2_17_aarch64.manylinux2014_aarch64.whl", hash = "sha256:864f8f19adbe13b7de11ba15d85d4a428c7e2f344bac110f667676a0ff84924b"},
    {file = "bcrypt-4.3.0-cp38-abi3-manylinux_2_17_x86_64.manylinux2014_x86_64.whl", hash = "sha256:3e36506d001e93bffe59754397572f21bb5dc7c83f54454c990c74a468cd589e"},
    {file = "bcrypt-4.3.0-cp38-abi3-manylinux_2_28_aarch64.whl", hash = "sha256:842d08d75d9fe9fb94b18b071090220697f9f184d4547179b60734846461ed59"},
    {file = "bcrypt-4.3.0-cp38-abi3-manylinux_2_28_armv7l.manylinux_2_31_armv7l.whl", hash = "sha256:7c03296b85cb87db865d91da79bf63d5609284fc0cab9472fdd8367bbd830753"},
    {file = "bcrypt-4.3.0-cp38-abi3-manylinux_2_28_x86_64.whl", hash = "sha256:62f26585e8b219cdc909b6a0069efc5e4267e25d4a3770a364ac58024f62a761"},
    {file = "bcrypt-4.3.0-cp38-abi3-manylinux_2_34_aarch64.whl", hash = "sha256:beeefe437218a65322fbd0069eb437e7c98137e08f22c4660ac2dc795c31f8bb"},
    {file = "bcrypt-4.3.0-cp38-abi3-manylinux_2_34_x86_64.whl", hash = "sha256:97eea7408db3a5bcce4a55d13245ab3fa566e23b4c67cd227062bb49e26c585d"},
    {file = "bcrypt-4.3.0-cp38-abi3-musllinux_1_1_aarch64.whl", hash = "sha256:191354ebfe305e84f344c5964c7cd5f924a3bfc5d405c75ad07f232b6dffb49f"},
    {file = "bcrypt-4.3.0-cp38-abi3-musllinux_1_1_x86_64.whl", hash = "sha256:41261d64150858eeb5ff43c753c4b216991e0ae16614a308a15d909503617732"},
    {file = "bcrypt-4.3.0-cp38-abi3-musllinux_1_2_aarch64.whl", hash = "sha256:33752b1ba962ee793fa2b6321404bf20011fe45b9afd2a842139de3011898fef"},
    {file = "bcrypt-4.3.0-cp38-abi3-musllinux_1_2_x86_64.whl", hash = "sha256:50e6e80a4bfd23a25f5c05b90167c19030cf9f87930f7cb2eacb99f45d1c3304"},
    {file = "bcrypt-4.3.0-cp38-abi3-win32.whl", hash = "sha256:67a561c4d9fb9465ec866177e7aebcad08fe23aaf6fbd692a6fab69088abfc51"},
    {file = "bcrypt-4.3.0-cp38-abi3-win_amd64.whl", hash = "sha256:584027857bc2843772114717a7490a37f68da563b3620f78a849bcb54dc11e62"},
    {file = "bcrypt-4.3.0-cp39-abi3-macosx_10_12_universal2.whl", hash = "sha256:0d3efb1157edebfd9128e4e46e2ac1a64e0c1fe46fb023158a407c7892b0f8c3"},
    {file = "bcrypt-4.3.0-cp39-abi3-manylinux_2_17_aarch64.manylinux2014_aarch64.whl", hash = "sha256:08bacc884fd302b611226c01014eca277d48f0a05187666bca23aac0dad6fe24"},
    {file = "bcrypt-4.3.0-cp39-abi3-manylinux_2_17_x86_64.manylinux2014_x86_64.whl", hash = "sha256:f6746e6fec103fcd509b96bacdfdaa2fbde9a553245dbada284435173a6f1aef"},
    {file = "bcrypt-4.3.0-cp39-abi3-manylinux_2_28_aarch64.whl", hash = "sha256:afe327968aaf13fc143a56a3360cb27d4ad0345e34da12c7290f1b00b8fe9a8b"},
    {file = "bcrypt-4.3.0-cp39-abi3-manylinux_2_28_armv7l.manylinux_2_31_armv7l.whl", hash = "sha256:d9af79d322e735b1fc33404b5765108ae0ff232d4b54666d46730f8ac1a43676"},
    {file = "bcrypt-4.3.0-cp39-abi3-manylinux_2_28_x86_64.whl", hash = "sha256:f1e3ffa1365e8702dc48c8b360fef8d7afeca482809c5e45e653af82ccd088c1"},
    {file = "bcrypt-4.3.0-cp39-abi3-manylinux_2_34_aarch64.whl", hash = "sha256:3004df1b323d10021fda07a813fd33e0fd57bef0e9a480bb143877f6cba996fe"},
    {file = "bcrypt-4.3.0-cp39-abi3-manylinux_2_34_x86_64.whl", hash = "sha256:531457e5c839d8caea9b589a1bcfe3756b0547d7814e9ce3d437f17da75c32b0"},
    {file = "bcrypt-4.3.0-cp39-abi3-musllinux_1_1_aarch64.whl", hash = "sha256:17a854d9a7a476a89dcef6c8bd119ad23e0f82557afbd2c442777a16408e614f"},
    {file = "bcrypt-4.3.0-cp39-abi3-musllinux_1_1_x86_64.whl", hash = "sha256:6fb1fd3ab08c0cbc6826a2e0447610c6f09e983a281b919ed721ad32236b8b23"},
    {file = "bcrypt-4.3.0-cp39-abi3-musllinux_1_2_aarch64.whl", hash = "sha256:e965a9c1e9a393b8005031ff52583cedc15b7884fce7deb8b0346388837d6cfe"},
    {file = "bcrypt-4.3.0-cp39-abi3-musllinux_1_2_x86_64.whl", hash = "sha256:79e70b8342a33b52b55d93b3a59223a844962bef479f6a0ea318ebbcadf71505"},
    {file = "bcrypt-4.3.0-cp39-abi3-win32.whl", hash = "sha256:b4d4e57f0a63fd0b358eb765063ff661328f69a04494427265950c71b992a39a"},
    {file = "bcrypt-4.3.0-cp39-abi3-win_amd64.whl", hash = "sha256:e53e074b120f2877a35cc6c736b8eb161377caae8925c17688bd46ba56daaa5b"},
    {file = "bcrypt-4.3.0-pp311-pypy311_pp73-manylinux_2_28_aarch64.whl", hash = "sha256:a839320bf27d474e52ef8cb16449bb2ce0ba03ca9f44daba6d93fa1d8828e48a"},
    {file = "bcrypt-4.3.0-pp311-pypy311_pp73-manylinux_2_28_x86_64.whl", hash = "sha256:bdc6a24e754a555d7316fa4774e64c6c3997d27ed2d1964d55920c7c227bc4ce"},
    {file = "bcrypt-4.3.0-pp311-pypy311_pp73-manylinux_2_34_aarch64.whl", hash = "sha256:55a935b8e9a1d2def0626c4269db3fcd26728cbff1e84f0341465c31c4ee56d8"},
    {file = "bcrypt-4.3.0-pp311-pypy311_pp73-manylinux_2_34_x86_64.whl", hash = "sha256:57967b7a28d855313a963aaea51bf6df89f833db4320da458e5b3c5ab6d4c938"},
    {file = "bcrypt-4.3.0.tar.gz", hash = "sha256:3a3fd2204178b6d2adcf09cb4f6426ffef54762577a7c9b54c159008cb288c18"},
]

[[package]]
name = "certifi"
version = "2025.1.31"
requires_python = ">=3.6"
summary = "Python package for providing Mozilla's CA Bundle."
groups = ["default"]
files = [
    {file = "certifi-2025.1.31-py3-none-any.whl", hash = "sha256:ca78db4565a652026a4db2bcdf68f2fb589ea80d0be70e03929ed730746b84fe"},
    {file = "certifi-2025.1.31.tar.gz", hash = "sha256:3d5da6925056f6f18f119200434a4780a94263f10d1c21d032a6f6b2baa20651"},
]

[[package]]
name = "cfgv"
version = "3.4.0"
requires_python = ">=3.8"
summary = "Validate configuration and produce human readable error messages."
groups = ["default"]
files = [
    {file = "cfgv-3.4.0-py2.py3-none-any.whl", hash = "sha256:b7265b1f29fd3316bfcd2b330d63d024f2bfd8bcb8b0272f8e19a504856c48f9"},
    {file = "cfgv-3.4.0.tar.gz", hash = "sha256:e52591d4c5f5dead8e0f673fb16db7949d2cfb3f7da4582893288f0ded8fe560"},
]

[[package]]
name = "charset-normalizer"
version = "3.4.1"
requires_python = ">=3.7"
summary = "The Real First Universal Charset Detector. Open, modern and actively maintained alternative to Chardet."
groups = ["default"]
files = [
    {file = "charset_normalizer-3.4.1-cp311-cp311-macosx_10_9_universal2.whl", hash = "sha256:8bfa33f4f2672964266e940dd22a195989ba31669bd84629f05fab3ef4e2d125"},
    {file = "charset_normalizer-3.4.1-cp311-cp311-manylinux_2_17_aarch64.manylinux2014_aarch64.whl", hash = "sha256:28bf57629c75e810b6ae989f03c0828d64d6b26a5e205535585f96093e405ed1"},
    {file = "charset_normalizer-3.4.1-cp311-cp311-manylinux_2_17_ppc64le.manylinux2014_ppc64le.whl", hash = "sha256:f08ff5e948271dc7e18a35641d2f11a4cd8dfd5634f55228b691e62b37125eb3"},
    {file = "charset_normalizer-3.4.1-cp311-cp311-manylinux_2_17_s390x.manylinux2014_s390x.whl", hash = "sha256:234ac59ea147c59ee4da87a0c0f098e9c8d169f4dc2a159ef720f1a61bbe27cd"},
    {file = "charset_normalizer-3.4.1-cp311-cp311-manylinux_2_17_x86_64.manylinux2014_x86_64.whl", hash = "sha256:fd4ec41f914fa74ad1b8304bbc634b3de73d2a0889bd32076342a573e0779e00"},
    {file = "charset_normalizer-3.4.1-cp311-cp311-manylinux_2_5_i686.manylinux1_i686.manylinux_2_17_i686.manylinux2014_i686.whl", hash = "sha256:eea6ee1db730b3483adf394ea72f808b6e18cf3cb6454b4d86e04fa8c4327a12"},
    {file = "charset_normalizer-3.4.1-cp311-cp311-musllinux_1_2_aarch64.whl", hash = "sha256:c96836c97b1238e9c9e3fe90844c947d5afbf4f4c92762679acfe19927d81d77"},
    {file = "charset_normalizer-3.4.1-cp311-cp311-musllinux_1_2_i686.whl", hash = "sha256:4d86f7aff21ee58f26dcf5ae81a9addbd914115cdebcbb2217e4f0ed8982e146"},
    {file = "charset_normalizer-3.4.1-cp311-cp311-musllinux_1_2_ppc64le.whl", hash = "sha256:09b5e6733cbd160dcc09589227187e242a30a49ca5cefa5a7edd3f9d19ed53fd"},
    {file = "charset_normalizer-3.4.1-cp311-cp311-musllinux_1_2_s390x.whl", hash = "sha256:5777ee0881f9499ed0f71cc82cf873d9a0ca8af166dfa0af8ec4e675b7df48e6"},
    {file = "charset_normalizer-3.4.1-cp311-cp311-musllinux_1_2_x86_64.whl", hash = "sha256:237bdbe6159cff53b4f24f397d43c6336c6b0b42affbe857970cefbb620911c8"},
    {file = "charset_normalizer-3.4.1-cp311-cp311-win32.whl", hash = "sha256:8417cb1f36cc0bc7eaba8ccb0e04d55f0ee52df06df3ad55259b9a323555fc8b"},
    {file = "charset_normalizer-3.4.1-cp311-cp311-win_amd64.whl", hash = "sha256:d7f50a1f8c450f3925cb367d011448c39239bb3eb4117c36a6d354794de4ce76"},
    {file = "charset_normalizer-3.4.1-py3-none-any.whl", hash = "sha256:d98b1668f06378c6dbefec3b92299716b931cd4e6061f3c875a71ced1780ab85"},
    {file = "charset_normalizer-3.4.1.tar.gz", hash = "sha256:44251f18cd68a75b56585dd00dae26183e102cd5e0f9f1466e6df5da2ed64ea3"},
]

[[package]]
name = "check-jsonschema"
version = "0.32.1"
requires_python = ">=3.9"
summary = "A jsonschema CLI and pre-commit hook"
groups = ["default"]
dependencies = [
    "click<9,>=8",
    "jsonschema<5.0,>=4.18.0",
    "regress>=2024.11.1",
    "requests<3.0",
    "ruamel-yaml<0.19.0,>=0.18.10",
    "tomli>=2.0; python_version < \"3.11\"",
]
files = [
    {file = "check_jsonschema-0.32.1-py3-none-any.whl", hash = "sha256:f210559542fe77a9943e8a0cecd8ebdbcce3ebd36d273aa03c2b114aa5a191e3"},
    {file = "check_jsonschema-0.32.1.tar.gz", hash = "sha256:08eadf78801f272881527f6c0c3d5ad131807a58073ff441802d90a7437adea7"},
]

[[package]]
name = "click"
version = "8.1.8"
requires_python = ">=3.7"
summary = "Composable command line interface toolkit"
groups = ["default"]
dependencies = [
    "colorama; platform_system == \"Windows\"",
    "importlib-metadata; python_version < \"3.8\"",
]
files = [
    {file = "click-8.1.8-py3-none-any.whl", hash = "sha256:63c132bbbed01578a06712a2d1f497bb62d9c1c0d329b7903a866228027263b2"},
    {file = "click-8.1.8.tar.gz", hash = "sha256:ed53c9d8990d83c2a27deae68e4ee337473f6330c040a31d4225c9574d16096a"},
]

[[package]]
name = "colorama"
version = "0.4.6"
requires_python = "!=3.0.*,!=3.1.*,!=3.2.*,!=3.3.*,!=3.4.*,!=3.5.*,!=3.6.*,>=2.7"
summary = "Cross-platform colored terminal text."
groups = ["default"]
marker = "platform_system == \"Windows\""
files = [
    {file = "colorama-0.4.6-py2.py3-none-any.whl", hash = "sha256:4f1d9991f5acc0ca119f9d443620b77f9d6b33703e51011c16baf57afb285fc6"},
    {file = "colorama-0.4.6.tar.gz", hash = "sha256:08695f5cb7ed6e0531a20572697297273c47b8cae5a63ffc6d6ed5c201be6e44"},
]

[[package]]
name = "detect-secrets"
version = "1.5.0"
summary = "Tool for detecting secrets in the codebase"
groups = ["default"]
dependencies = [
    "pyyaml",
    "requests",
]
files = [
    {file = "detect_secrets-1.5.0-py3-none-any.whl", hash = "sha256:e24e7b9b5a35048c313e983f76c4bd09dad89f045ff059e354f9943bf45aa060"},
    {file = "detect_secrets-1.5.0.tar.gz", hash = "sha256:6bb46dcc553c10df51475641bb30fd69d25645cc12339e46c824c1e0c388898a"},
]

[[package]]
name = "distlib"
version = "0.3.9"
summary = "Distribution utilities"
groups = ["default"]
files = [
    {file = "distlib-0.3.9-py2.py3-none-any.whl", hash = "sha256:47f8c22fd27c27e25a65601af709b38e4f0a45ea4fc2e710f65755fa8caaaf87"},
    {file = "distlib-0.3.9.tar.gz", hash = "sha256:a60f20dea646b8a33f3e7772f74dc0b2d0772d2837ee1342a00645c81edf9403"},
]

[[package]]
name = "fastapi"
version = "0.115.12"
requires_python = ">=3.8"
summary = "FastAPI framework, high performance, easy to learn, fast to code, ready for production"
groups = ["default"]
dependencies = [
    "pydantic!=1.8,!=1.8.1,!=2.0.0,!=2.0.1,!=2.1.0,<3.0.0,>=1.7.4",
    "starlette<0.47.0,>=0.40.0",
    "typing-extensions>=4.8.0",
]
files = [
    {file = "fastapi-0.115.12-py3-none-any.whl", hash = "sha256:e94613d6c05e27be7ffebdd6ea5f388112e5e430c8f7d6494a9d1d88d43e814d"},
    {file = "fastapi-0.115.12.tar.gz", hash = "sha256:1e2c2a2646905f9e83d32f04a3f86aff4a286669c6c950ca95b5fd68c2602681"},
]

[[package]]
name = "filelock"
version = "3.18.0"
requires_python = ">=3.9"
summary = "A platform independent file lock."
groups = ["default"]
files = [
    {file = "filelock-3.18.0-py3-none-any.whl", hash = "sha256:c401f4f8377c4464e6db25fff06205fd89bdd83b65eb0488ed1b160f780e21de"},
    {file = "filelock-3.18.0.tar.gz", hash = "sha256:adbc88eabb99d2fec8c9c1b229b171f18afa655400173ddc653d5d01501fb9f2"},
]

[[package]]
name = "h11"
version = "0.14.0"
requires_python = ">=3.7"
summary = "A pure-Python, bring-your-own-I/O implementation of HTTP/1.1"
groups = ["default"]
dependencies = [
    "typing-extensions; python_version < \"3.8\"",
]
files = [
    {file = "h11-0.14.0-py3-none-any.whl", hash = "sha256:e3fe4ac4b851c468cc8363d500db52c2ead036020723024a109d37346efaa761"},
    {file = "h11-0.14.0.tar.gz", hash = "sha256:8f19fbbe99e72420ff35c00b27a34cb9937e902a8b810e2c88300c6f0a3b699d"},
]

[[package]]
name = "identify"
version = "2.6.9"
requires_python = ">=3.9"
summary = "File identification library for Python"
groups = ["default"]
files = [
    {file = "identify-2.6.9-py2.py3-none-any.whl", hash = "sha256:c98b4322da415a8e5a70ff6e51fbc2d2932c015532d77e9f8537b4ba7813b150"},
    {file = "identify-2.6.9.tar.gz", hash = "sha256:d40dfe3142a1421d8518e3d3985ef5ac42890683e32306ad614a29490abeb6bf"},
]

[[package]]
name = "idna"
version = "3.10"
requires_python = ">=3.6"
summary = "Internationalized Domain Names in Applications (IDNA)"
groups = ["default"]
files = [
    {file = "idna-3.10-py3-none-any.whl", hash = "sha256:946d195a0d259cbba61165e88e65941f16e9b36ea6ddb97f00452bae8b1287d3"},
    {file = "idna-3.10.tar.gz", hash = "sha256:12f65c9b470abda6dc35cf8e63cc574b1c52b11df2c86030af0ac09b01b13ea9"},
]

[[package]]
name = "jose"
version = "1.0.0"
summary = "An implementation of the JOSE draft"
groups = ["default"]
files = [
    {file = "jose-1.0.0.tar.gz", hash = "sha256:8436c3617cd94e1ba97828fbb1ce27c129f66c78fb855b4bb47e122b5f345fba"},
]

[[package]]
name = "jsonschema"
version = "4.23.0"
requires_python = ">=3.8"
summary = "An implementation of JSON Schema validation for Python"
groups = ["default"]
dependencies = [
    "attrs>=22.2.0",
    "importlib-resources>=1.4.0; python_version < \"3.9\"",
    "jsonschema-specifications>=2023.03.6",
    "pkgutil-resolve-name>=1.3.10; python_version < \"3.9\"",
    "referencing>=0.28.4",
    "rpds-py>=0.7.1",
]
files = [
    {file = "jsonschema-4.23.0-py3-none-any.whl", hash = "sha256:fbadb6f8b144a8f8cf9f0b89ba94501d143e50411a1278633f56a7acf7fd5566"},
    {file = "jsonschema-4.23.0.tar.gz", hash = "sha256:d71497fef26351a33265337fa77ffeb82423f3ea21283cd9467bb03999266bc4"},
]

[[package]]
name = "jsonschema-specifications"
version = "2024.10.1"
requires_python = ">=3.9"
summary = "The JSON Schema meta-schemas and vocabularies, exposed as a Registry"
groups = ["default"]
dependencies = [
    "referencing>=0.31.0",
]
files = [
    {file = "jsonschema_specifications-2024.10.1-py3-none-any.whl", hash = "sha256:a09a0680616357d9a0ecf05c12ad234479f549239d0f5b55f3deea67475da9bf"},
    {file = "jsonschema_specifications-2024.10.1.tar.gz", hash = "sha256:0f38b83639958ce1152d02a7f062902c41c8fd20d558b0c34344292d417ae272"},
]

[[package]]
name = "nodeenv"
version = "1.9.1"
requires_python = "!=3.0.*,!=3.1.*,!=3.2.*,!=3.3.*,!=3.4.*,!=3.5.*,!=3.6.*,>=2.7"
summary = "Node.js virtual environment builder"
groups = ["default"]
files = [
    {file = "nodeenv-1.9.1-py2.py3-none-any.whl", hash = "sha256:ba11c9782d29c27c70ffbdda2d7415098754709be8a7056d79a737cd901155c9"},
    {file = "nodeenv-1.9.1.tar.gz", hash = "sha256:6ec12890a2dab7946721edbfbcd91f3319c6ccc9aec47be7c7e6b7011ee6645f"},
]

[[package]]
name = "platformdirs"
version = "4.3.7"
requires_python = ">=3.9"
summary = "A small Python package for determining appropriate platform-specific dirs, e.g. a `user data dir`."
groups = ["default"]
files = [
    {file = "platformdirs-4.3.7-py3-none-any.whl", hash = "sha256:a03875334331946f13c549dbd8f4bac7a13a50a895a0eb1e8c6a8ace80d40a94"},
    {file = "platformdirs-4.3.7.tar.gz", hash = "sha256:eb437d586b6a0986388f0d6f74aa0cde27b48d0e3d66843640bfb6bdcdb6e351"},
]

[[package]]
name = "pre-commit"
version = "4.2.0"
requires_python = ">=3.9"
summary = "A framework for managing and maintaining multi-language pre-commit hooks."
groups = ["default"]
dependencies = [
    "cfgv>=2.0.0",
    "identify>=1.0.0",
    "nodeenv>=0.11.1",
    "pyyaml>=5.1",
    "virtualenv>=20.10.0",
]
files = [
    {file = "pre_commit-4.2.0-py2.py3-none-any.whl", hash = "sha256:a009ca7205f1eb497d10b845e52c838a98b6cdd2102a6c8e4540e94ee75c58bd"},
    {file = "pre_commit-4.2.0.tar.gz", hash = "sha256:601283b9757afd87d40c4c4a9b2b5de9637a8ea02eaff7adc2d0fb4e04841146"},
]

[[package]]
name = "pydantic"
version = "2.11.2"
requires_python = ">=3.9"
summary = "Data validation using Python type hints"
groups = ["default"]
dependencies = [
    "annotated-types>=0.6.0",
    "pydantic-core==2.33.1",
    "typing-extensions>=4.12.2",
    "typing-inspection>=0.4.0",
]
files = [
    {file = "pydantic-2.11.2-py3-none-any.whl", hash = "sha256:7f17d25846bcdf89b670a86cdfe7b29a9f1c9ca23dee154221c9aa81845cfca7"},
    {file = "pydantic-2.11.2.tar.gz", hash = "sha256:2138628e050bd7a1e70b91d4bf4a91167f4ad76fdb83209b107c8d84b854917e"},
]

[[package]]
name = "pydantic-core"
version = "2.33.1"
requires_python = ">=3.9"
summary = "Core functionality for Pydantic validation and serialization"
groups = ["default"]
dependencies = [
    "typing-extensions!=4.7.0,>=4.6.0",
]
files = [
    {file = "pydantic_core-2.33.1-cp311-cp311-macosx_10_12_x86_64.whl", hash = "sha256:6e966fc3caaf9f1d96b349b0341c70c8d6573bf1bac7261f7b0ba88f96c56c24"},
    {file = "pydantic_core-2.33.1-cp311-cp311-macosx_11_0_arm64.whl", hash = "sha256:bfd0adeee563d59c598ceabddf2c92eec77abcb3f4a391b19aa7366170bd9e30"},
    {file = "pydantic_core-2.33.1-cp311-cp311-manylinux_2_17_aarch64.manylinux2014_aarch64.whl", hash = "sha256:91815221101ad3c6b507804178a7bb5cb7b2ead9ecd600041669c8d805ebd595"},
    {file = "pydantic_core-2.33.1-cp311-cp311-manylinux_2_17_armv7l.manylinux2014_armv7l.whl", hash = "sha256:9fea9c1869bb4742d174a57b4700c6dadea951df8b06de40c2fedb4f02931c2e"},
    {file = "pydantic_core-2.33.1-cp311-cp311-manylinux_2_17_ppc64le.manylinux2014_ppc64le.whl", hash = "sha256:1d20eb4861329bb2484c021b9d9a977566ab16d84000a57e28061151c62b349a"},
    {file = "pydantic_core-2.33.1-cp311-cp311-manylinux_2_17_s390x.manylinux2014_s390x.whl", hash = "sha256:0fb935c5591573ae3201640579f30128ccc10739b45663f93c06796854405505"},
    {file = "pydantic_core-2.33.1-cp311-cp311-manylinux_2_17_x86_64.manylinux2014_x86_64.whl", hash = "sha256:c964fd24e6166420d18fb53996d8c9fd6eac9bf5ae3ec3d03015be4414ce497f"},
    {file = "pydantic_core-2.33.1-cp311-cp311-manylinux_2_5_i686.manylinux1_i686.whl", hash = "sha256:681d65e9011f7392db5aa002b7423cc442d6a673c635668c227c6c8d0e5a4f77"},
    {file = "pydantic_core-2.33.1-cp311-cp311-musllinux_1_1_aarch64.whl", hash = "sha256:e100c52f7355a48413e2999bfb4e139d2977a904495441b374f3d4fb4a170961"},
    {file = "pydantic_core-2.33.1-cp311-cp311-musllinux_1_1_armv7l.whl", hash = "sha256:048831bd363490be79acdd3232f74a0e9951b11b2b4cc058aeb72b22fdc3abe1"},
    {file = "pydantic_core-2.33.1-cp311-cp311-musllinux_1_1_x86_64.whl", hash = "sha256:bdc84017d28459c00db6f918a7272a5190bec3090058334e43a76afb279eac7c"},
    {file = "pydantic_core-2.33.1-cp311-cp311-win32.whl", hash = "sha256:32cd11c5914d1179df70406427097c7dcde19fddf1418c787540f4b730289896"},
    {file = "pydantic_core-2.33.1-cp311-cp311-win_amd64.whl", hash = "sha256:2ea62419ba8c397e7da28a9170a16219d310d2cf4970dbc65c32faf20d828c83"},
    {file = "pydantic_core-2.33.1-cp311-cp311-win_arm64.whl", hash = "sha256:fc903512177361e868bc1f5b80ac8c8a6e05fcdd574a5fb5ffeac5a9982b9e89"},
    {file = "pydantic_core-2.33.1-pp311-pypy311_pp73-macosx_10_12_x86_64.whl", hash = "sha256:3a371dc00282c4b84246509a5ddc808e61b9864aa1eae9ecc92bb1268b82db4a"},
    {file = "pydantic_core-2.33.1-pp311-pypy311_pp73-macosx_11_0_arm64.whl", hash = "sha256:f59295ecc75a1788af8ba92f2e8c6eeaa5a94c22fc4d151e8d9638814f85c8fc"},
    {file = "pydantic_core-2.33.1-pp311-pypy311_pp73-manylinux_2_17_aarch64.manylinux2014_aarch64.whl", hash = "sha256:08530b8ac922003033f399128505f513e30ca770527cc8bbacf75a84fcc2c74b"},
    {file = "pydantic_core-2.33.1-pp311-pypy311_pp73-manylinux_2_17_x86_64.manylinux2014_x86_64.whl", hash = "sha256:bae370459da6a5466978c0eacf90690cb57ec9d533f8e63e564ef3822bfa04fe"},
    {file = "pydantic_core-2.33.1-pp311-pypy311_pp73-manylinux_2_5_i686.manylinux1_i686.whl", hash = "sha256:e3de2777e3b9f4d603112f78006f4ae0acb936e95f06da6cb1a45fbad6bdb4b5"},
    {file = "pydantic_core-2.33.1-pp311-pypy311_pp73-musllinux_1_1_aarch64.whl", hash = "sha256:3a64e81e8cba118e108d7126362ea30e021291b7805d47e4896e52c791be2761"},
    {file = "pydantic_core-2.33.1-pp311-pypy311_pp73-musllinux_1_1_armv7l.whl", hash = "sha256:52928d8c1b6bda03cc6d811e8923dffc87a2d3c8b3bfd2ce16471c7147a24850"},
    {file = "pydantic_core-2.33.1-pp311-pypy311_pp73-musllinux_1_1_x86_64.whl", hash = "sha256:1b30d92c9412beb5ac6b10a3eb7ef92ccb14e3f2a8d7732e2d739f58b3aa7544"},
    {file = "pydantic_core-2.33.1-pp311-pypy311_pp73-win_amd64.whl", hash = "sha256:f995719707e0e29f0f41a8aa3bcea6e761a36c9136104d3189eafb83f5cec5e5"},
    {file = "pydantic_core-2.33.1.tar.gz", hash = "sha256:bcc9c6fdb0ced789245b02b7d6603e17d1563064ddcfc36f046b61c0c05dd9df"},
]

[[package]]
name = "pyupgrade"
version = "3.19.1"
requires_python = ">=3.9"
summary = "A tool to automatically upgrade syntax for newer versions."
groups = ["default"]
dependencies = [
    "tokenize-rt>=6.1.0",
]
files = [
    {file = "pyupgrade-3.19.1-py2.py3-none-any.whl", hash = "sha256:8c5b0bfacae5ff30fa136a53eb7f22c34ba007450d4099e9da8089dabb9e67c9"},
    {file = "pyupgrade-3.19.1.tar.gz", hash = "sha256:d10e8c5f54b8327211828769e98d95d95e4715de632a3414f1eef3f51357b9e2"},
]

[[package]]
name = "pyyaml"
version = "6.0.2"
requires_python = ">=3.8"
summary = "YAML parser and emitter for Python"
groups = ["default"]
files = [
    {file = "PyYAML-6.0.2-cp311-cp311-macosx_10_9_x86_64.whl", hash = "sha256:cc1c1159b3d456576af7a3e4d1ba7e6924cb39de8f67111c735f6fc832082774"},
    {file = "PyYAML-6.0.2-cp311-cp311-macosx_11_0_arm64.whl", hash = "sha256:1e2120ef853f59c7419231f3bf4e7021f1b936f6ebd222406c3b60212205d2ee"},
    {file = "PyYAML-6.0.2-cp311-cp311-manylinux_2_17_aarch64.manylinux2014_aarch64.whl", hash = "sha256:5d225db5a45f21e78dd9358e58a98702a0302f2659a3c6cd320564b75b86f47c"},
    {file = "PyYAML-6.0.2-cp311-cp311-manylinux_2_17_s390x.manylinux2014_s390x.whl", hash = "sha256:5ac9328ec4831237bec75defaf839f7d4564be1e6b25ac710bd1a96321cc8317"},
    {file = "PyYAML-6.0.2-cp311-cp311-manylinux_2_17_x86_64.manylinux2014_x86_64.whl", hash = "sha256:3ad2a3decf9aaba3d29c8f537ac4b243e36bef957511b4766cb0057d32b0be85"},
    {file = "PyYAML-6.0.2-cp311-cp311-musllinux_1_1_aarch64.whl", hash = "sha256:ff3824dc5261f50c9b0dfb3be22b4567a6f938ccce4587b38952d85fd9e9afe4"},
    {file = "PyYAML-6.0.2-cp311-cp311-musllinux_1_1_x86_64.whl", hash = "sha256:797b4f722ffa07cc8d62053e4cff1486fa6dc094105d13fea7b1de7d8bf71c9e"},
    {file = "PyYAML-6.0.2-cp311-cp311-win32.whl", hash = "sha256:11d8f3dd2b9c1207dcaf2ee0bbbfd5991f571186ec9cc78427ba5bd32afae4b5"},
    {file = "PyYAML-6.0.2-cp311-cp311-win_amd64.whl", hash = "sha256:e10ce637b18caea04431ce14fabcf5c64a1c61ec9c56b071a4b7ca131ca52d44"},
    {file = "pyyaml-6.0.2.tar.gz", hash = "sha256:d584d9ec91ad65861cc08d42e834324ef890a082e591037abe114850ff7bbc3e"},
]

[[package]]
name = "referencing"
version = "0.36.2"
requires_python = ">=3.9"
summary = "JSON Referencing + Python"
groups = ["default"]
dependencies = [
    "attrs>=22.2.0",
    "rpds-py>=0.7.0",
    "typing-extensions>=4.4.0; python_version < \"3.13\"",
]
files = [
    {file = "referencing-0.36.2-py3-none-any.whl", hash = "sha256:e8699adbbf8b5c7de96d8ffa0eb5c158b3beafce084968e2ea8bb08c6794dcd0"},
    {file = "referencing-0.36.2.tar.gz", hash = "sha256:df2e89862cd09deabbdba16944cc3f10feb6b3e6f18e902f7cc25609a34775aa"},
]

[[package]]
name = "regress"
version = "2025.3.1"
requires_python = ">=3.9"
summary = "Python bindings to Rust's regress ECMA regular expressions library"
groups = ["default"]
files = [
    {file = "regress-2025.3.1-cp311-cp311-macosx_10_12_x86_64.whl", hash = "sha256:5b716bd8a35c8a910cff2dac6d806c5945c2f3898e0839de9d746bc9c5e5824d"},
    {file = "regress-2025.3.1-cp311-cp311-macosx_11_0_arm64.whl", hash = "sha256:8939a229b1e3fb4aec50d76e6694eb2e491254b7d078d34db4a7049d1dc27608"},
    {file = "regress-2025.3.1-cp311-cp311-manylinux_2_17_aarch64.manylinux2014_aarch64.whl", hash = "sha256:22cff314341e0eb42f26c95d6213565c05a47da21ac3c28074406636b3c24e99"},
    {file = "regress-2025.3.1-cp311-cp311-manylinux_2_17_armv7l.manylinux2014_armv7l.whl", hash = "sha256:e3bb4206c3ecea4fbdde8249c8b47dbbe82369fe8582712da195dd9b3008a64c"},
    {file = "regress-2025.3.1-cp311-cp311-manylinux_2_17_ppc64le.manylinux2014_ppc64le.whl", hash = "sha256:9c7c88a69ef254882c0aef823d008372df45e4afec12b2fd370f56a3b1ae9e1e"},
    {file = "regress-2025.3.1-cp311-cp311-manylinux_2_17_s390x.manylinux2014_s390x.whl", hash = "sha256:5b3c5f32e763338dc2c4155867221a6a2c8d322a1c5500f972c0cbc119bd765e"},
    {file = "regress-2025.3.1-cp311-cp311-manylinux_2_17_x86_64.manylinux2014_x86_64.whl", hash = "sha256:29a0bdb6e5e5d97256c0643568dbce46c4171b0b23ecc9238a39e3f297a8c9ff"},
    {file = "regress-2025.3.1-cp311-cp311-manylinux_2_5_i686.manylinux1_i686.whl", hash = "sha256:c74441981fb514f30e29ab0e8a8416158447eb255ff4b31b1af0be01c9f2cb1e"},
    {file = "regress-2025.3.1-cp311-cp311-musllinux_1_2_aarch64.whl", hash = "sha256:c4944d4536572177440451ed2bc039798f1fe53a4af9c8fa007c72e64d3b2741"},
    {file = "regress-2025.3.1-cp311-cp311-musllinux_1_2_i686.whl", hash = "sha256:f1f4a3557ca7630285485fadf9d9fe13c0ed3dbe5defe7950bb77a66089cdf03"},
    {file = "regress-2025.3.1-cp311-cp311-musllinux_1_2_x86_64.whl", hash = "sha256:839f745357be25fc77a3cff489d5adbaf727eceab65bf843befea6eaae076b7a"},
    {file = "regress-2025.3.1-cp311-cp311-win32.whl", hash = "sha256:f14fa50231de5ab897bdc3d39b49f4e88c631188c243879b8f0eea7a9950c30b"},
    {file = "regress-2025.3.1-cp311-cp311-win_amd64.whl", hash = "sha256:1481b70af9733a60a934053927d628add899a749bf83be7782fb2df46daa1ed0"},
    {file = "regress-2025.3.1.tar.gz", hash = "sha256:c7ba8d16e5053d773f488664c10180989e77f24228b446ec985ed76e3ac05901"},
]

[[package]]
name = "requests"
version = "2.32.3"
requires_python = ">=3.8"
summary = "Python HTTP for Humans."
groups = ["default"]
dependencies = [
    "certifi>=2017.4.17",
    "charset-normalizer<4,>=2",
    "idna<4,>=2.5",
    "urllib3<3,>=1.21.1",
]
files = [
    {file = "requests-2.32.3-py3-none-any.whl", hash = "sha256:70761cfe03c773ceb22aa2f671b4757976145175cdfca038c02654d061d6dcc6"},
    {file = "requests-2.32.3.tar.gz", hash = "sha256:55365417734eb18255590a9ff9eb97e9e1da868d4ccd6402399eaf68af20a760"},
]

[[package]]
name = "rpds-py"
version = "0.24.0"
requires_python = ">=3.9"
summary = "Python bindings to Rust's persistent data structures (rpds)"
groups = ["default"]
files = [
    {file = "rpds_py-0.24.0-cp311-cp311-macosx_10_12_x86_64.whl", hash = "sha256:2d3ee4615df36ab8eb16c2507b11e764dcc11fd350bbf4da16d09cda11fcedef"},
    {file = "rpds_py-0.24.0-cp311-cp311-macosx_11_0_arm64.whl", hash = "sha256:e13ae74a8a3a0c2f22f450f773e35f893484fcfacb00bb4344a7e0f4f48e1f97"},
    {file = "rpds_py-0.24.0-cp311-cp311-manylinux_2_17_aarch64.manylinux2014_aarch64.whl", hash = "sha256:cf86f72d705fc2ef776bb7dd9e5fbba79d7e1f3e258bf9377f8204ad0fc1c51e"},
    {file = "rpds_py-0.24.0-cp311-cp311-manylinux_2_17_armv7l.manylinux2014_armv7l.whl", hash = "sha256:c43583ea8517ed2e780a345dd9960896afc1327e8cf3ac8239c167530397440d"},
    {file = "rpds_py-0.24.0-cp311-cp311-manylinux_2_17_ppc64le.manylinux2014_ppc64le.whl", hash = "sha256:4cd031e63bc5f05bdcda120646a0d32f6d729486d0067f09d79c8db5368f4586"},
    {file = "rpds_py-0.24.0-cp311-cp311-manylinux_2_17_s390x.manylinux2014_s390x.whl", hash = "sha256:34d90ad8c045df9a4259c47d2e16a3f21fdb396665c94520dbfe8766e62187a4"},
    {file = "rpds_py-0.24.0-cp311-cp311-manylinux_2_17_x86_64.manylinux2014_x86_64.whl", hash = "sha256:e838bf2bb0b91ee67bf2b889a1a841e5ecac06dd7a2b1ef4e6151e2ce155c7ae"},
    {file = "rpds_py-0.24.0-cp311-cp311-manylinux_2_5_i686.manylinux1_i686.whl", hash = "sha256:04ecf5c1ff4d589987b4d9882872f80ba13da7d42427234fce8f22efb43133bc"},
    {file = "rpds_py-0.24.0-cp311-cp311-musllinux_1_2_aarch64.whl", hash = "sha256:630d3d8ea77eabd6cbcd2ea712e1c5cecb5b558d39547ac988351195db433f6c"},
    {file = "rpds_py-0.24.0-cp311-cp311-musllinux_1_2_i686.whl", hash = "sha256:ebcb786b9ff30b994d5969213a8430cbb984cdd7ea9fd6df06663194bd3c450c"},
    {file = "rpds_py-0.24.0-cp311-cp311-musllinux_1_2_x86_64.whl", hash = "sha256:174e46569968ddbbeb8a806d9922f17cd2b524aa753b468f35b97ff9c19cb718"},
    {file = "rpds_py-0.24.0-cp311-cp311-win32.whl", hash = "sha256:5ef877fa3bbfb40b388a5ae1cb00636a624690dcb9a29a65267054c9ea86d88a"},
    {file = "rpds_py-0.24.0-cp311-cp311-win_amd64.whl", hash = "sha256:e274f62cbd274359eff63e5c7e7274c913e8e09620f6a57aae66744b3df046d6"},
    {file = "rpds_py-0.24.0-pp311-pypy311_pp73-macosx_10_12_x86_64.whl", hash = "sha256:f9e0057a509e096e47c87f753136c9b10d7a91842d8042c2ee6866899a717c0d"},
    {file = "rpds_py-0.24.0-pp311-pypy311_pp73-macosx_11_0_arm64.whl", hash = "sha256:d6e109a454412ab82979c5b1b3aee0604eca4bbf9a02693bb9df027af2bfa91a"},
    {file = "rpds_py-0.24.0-pp311-pypy311_pp73-manylinux_2_17_aarch64.manylinux2014_aarch64.whl", hash = "sha256:fc1c892b1ec1f8cbd5da8de287577b455e388d9c328ad592eabbdcb6fc93bee5"},
    {file = "rpds_py-0.24.0-pp311-pypy311_pp73-manylinux_2_17_armv7l.manylinux2014_armv7l.whl", hash = "sha256:9c39438c55983d48f4bb3487734d040e22dad200dab22c41e331cee145e7a50d"},
    {file = "rpds_py-0.24.0-pp311-pypy311_pp73-manylinux_2_17_ppc64le.manylinux2014_ppc64le.whl", hash = "sha256:9d7e8ce990ae17dda686f7e82fd41a055c668e13ddcf058e7fb5e9da20b57793"},
    {file = "rpds_py-0.24.0-pp311-pypy311_pp73-manylinux_2_17_s390x.manylinux2014_s390x.whl", hash = "sha256:9ea7f4174d2e4194289cb0c4e172d83e79a6404297ff95f2875cf9ac9bced8ba"},
    {file = "rpds_py-0.24.0-pp311-pypy311_pp73-manylinux_2_17_x86_64.manylinux2014_x86_64.whl", hash = "sha256:bb2954155bb8f63bb19d56d80e5e5320b61d71084617ed89efedb861a684baea"},
    {file = "rpds_py-0.24.0-pp311-pypy311_pp73-manylinux_2_5_i686.manylinux1_i686.whl", hash = "sha256:04f2b712a2206e13800a8136b07aaedc23af3facab84918e7aa89e4be0260032"},
    {file = "rpds_py-0.24.0-pp311-pypy311_pp73-musllinux_1_2_aarch64.whl", hash = "sha256:eda5c1e2a715a4cbbca2d6d304988460942551e4e5e3b7457b50943cd741626d"},
    {file = "rpds_py-0.24.0-pp311-pypy311_pp73-musllinux_1_2_i686.whl", hash = "sha256:9abc80fe8c1f87218db116016de575a7998ab1629078c90840e8d11ab423ee25"},
    {file = "rpds_py-0.24.0-pp311-pypy311_pp73-musllinux_1_2_x86_64.whl", hash = "sha256:6a727fd083009bc83eb83d6950f0c32b3c94c8b80a9b667c87f4bd1274ca30ba"},
    {file = "rpds_py-0.24.0.tar.gz", hash = "sha256:772cc1b2cd963e7e17e6cc55fe0371fb9c704d63e44cacec7b9b7f523b78919e"},
]

[[package]]
name = "ruamel-yaml"
version = "0.18.10"
requires_python = ">=3.7"
summary = "ruamel.yaml is a YAML parser/emitter that supports roundtrip preservation of comments, seq/map flow style, and map key order"
groups = ["default"]
dependencies = [
    "ruamel-yaml-clib>=0.2.7; platform_python_implementation == \"CPython\" and python_version < \"3.13\"",
]
files = [
    {file = "ruamel.yaml-0.18.10-py3-none-any.whl", hash = "sha256:30f22513ab2301b3d2b577adc121c6471f28734d3d9728581245f1e76468b4f1"},
    {file = "ruamel.yaml-0.18.10.tar.gz", hash = "sha256:20c86ab29ac2153f80a428e1254a8adf686d3383df04490514ca3b79a362db58"},
]

[[package]]
name = "ruamel-yaml-clib"
version = "0.2.12"
requires_python = ">=3.9"
summary = "C version of reader, parser and emitter for ruamel.yaml derived from libyaml"
groups = ["default"]
marker = "platform_python_implementation == \"CPython\" and python_version < \"3.13\""
files = [
    {file = "ruamel.yaml.clib-0.2.12-cp311-cp311-macosx_13_0_arm64.whl", hash = "sha256:4a6679521a58256a90b0d89e03992c15144c5f3858f40d7c18886023d7943db6"},
    {file = "ruamel.yaml.clib-0.2.12-cp311-cp311-manylinux2014_aarch64.whl", hash = "sha256:d84318609196d6bd6da0edfa25cedfbabd8dbde5140a0a23af29ad4b8f91fb1e"},
    {file = "ruamel.yaml.clib-0.2.12-cp311-cp311-manylinux_2_17_x86_64.manylinux2014_x86_64.whl", hash = "sha256:bb43a269eb827806502c7c8efb7ae7e9e9d0573257a46e8e952f4d4caba4f31e"},
    {file = "ruamel.yaml.clib-0.2.12-cp311-cp311-manylinux_2_5_i686.manylinux1_i686.manylinux_2_17_i686.manylinux2014_i686.whl", hash = "sha256:811ea1594b8a0fb466172c384267a4e5e367298af6b228931f273b111f17ef52"},
    {file = "ruamel.yaml.clib-0.2.12-cp311-cp311-musllinux_1_1_i686.whl", hash = "sha256:cf12567a7b565cbf65d438dec6cfbe2917d3c1bdddfce84a9930b7d35ea59642"},
    {file = "ruamel.yaml.clib-0.2.12-cp311-cp311-musllinux_1_1_x86_64.whl", hash = "sha256:7dd5adc8b930b12c8fc5b99e2d535a09889941aa0d0bd06f4749e9a9397c71d2"},
    {file = "ruamel.yaml.clib-0.2.12-cp311-cp311-musllinux_1_2_aarch64.whl", hash = "sha256:1492a6051dab8d912fc2adeef0e8c72216b24d57bd896ea607cb90bb0c4981d3"},
    {file = "ruamel.yaml.clib-0.2.12-cp311-cp311-win32.whl", hash = "sha256:bd0a08f0bab19093c54e18a14a10b4322e1eacc5217056f3c063bd2f59853ce4"},
    {file = "ruamel.yaml.clib-0.2.12-cp311-cp311-win_amd64.whl", hash = "sha256:a274fb2cb086c7a3dea4322ec27f4cb5cc4b6298adb583ab0e211a4682f241eb"},
    {file = "ruamel.yaml.clib-0.2.12.tar.gz", hash = "sha256:6c8fbb13ec503f99a91901ab46e0b07ae7941cd527393187039aec586fdfd36f"},
]

[[package]]
name = "sniffio"
version = "1.3.1"
requires_python = ">=3.7"
summary = "Sniff out which async library your code is running under"
groups = ["default"]
files = [
    {file = "sniffio-1.3.1-py3-none-any.whl", hash = "sha256:2f6da418d1f1e0fddd844478f41680e794e6051915791a034ff65e5f100525a2"},
    {file = "sniffio-1.3.1.tar.gz", hash = "sha256:f4324edc670a0f49750a81b895f35c3adb843cca46f0530f79fc1babb23789dc"},
]

[[package]]
name = "starlette"
version = "0.46.1"
requires_python = ">=3.9"
summary = "The little ASGI library that shines."
groups = ["default"]
dependencies = [
    "anyio<5,>=3.6.2",
    "typing-extensions>=3.10.0; python_version < \"3.10\"",
]
files = [
    {file = "starlette-0.46.1-py3-none-any.whl", hash = "sha256:77c74ed9d2720138b25875133f3a2dae6d854af2ec37dceb56aef370c1d8a227"},
    {file = "starlette-0.46.1.tar.gz", hash = "sha256:3c88d58ee4bd1bb807c0d1acb381838afc7752f9ddaec81bbe4383611d833230"},
]

[[package]]
name = "tokenize-rt"
version = "6.1.0"
requires_python = ">=3.9"
summary = "A wrapper around the stdlib `tokenize` which roundtrips."
groups = ["default"]
files = [
    {file = "tokenize_rt-6.1.0-py2.py3-none-any.whl", hash = "sha256:d706141cdec4aa5f358945abe36b911b8cbdc844545da99e811250c0cee9b6fc"},
    {file = "tokenize_rt-6.1.0.tar.gz", hash = "sha256:e8ee836616c0877ab7c7b54776d2fefcc3bde714449a206762425ae114b53c86"},
]

[[package]]
name = "typing-extensions"
version = "4.13.1"
requires_python = ">=3.8"
summary = "Backported and Experimental Type Hints for Python 3.8+"
groups = ["default"]
files = [
    {file = "typing_extensions-4.13.1-py3-none-any.whl", hash = "sha256:4b6cf02909eb5495cfbc3f6e8fd49217e6cc7944e145cdda8caa3734777f9e69"},
    {file = "typing_extensions-4.13.1.tar.gz", hash = "sha256:98795af00fb9640edec5b8e31fc647597b4691f099ad75f469a2616be1a76dff"},
]

[[package]]
name = "typing-inspection"
version = "0.4.0"
requires_python = ">=3.9"
summary = "Runtime typing introspection tools"
groups = ["default"]
dependencies = [
    "typing-extensions>=4.12.0",
]
files = [
    {file = "typing_inspection-0.4.0-py3-none-any.whl", hash = "sha256:50e72559fcd2a6367a19f7a7e610e6afcb9fac940c650290eed893d61386832f"},
    {file = "typing_inspection-0.4.0.tar.gz", hash = "sha256:9765c87de36671694a67904bf2c96e395be9c6439bb6c87b5142569dcdd65122"},
]

[[package]]
name = "urllib3"
version = "2.3.0"
requires_python = ">=3.9"
summary = "HTTP library with thread-safe connection pooling, file post, and more."
groups = ["default"]
files = [
    {file = "urllib3-2.3.0-py3-none-any.whl", hash = "sha256:1cee9ad369867bfdbbb48b7dd50374c0967a0bb7710050facf0dd6911440e3df"},
    {file = "urllib3-2.3.0.tar.gz", hash = "sha256:f8c5449b3cf0861679ce7e0503c7b44b5ec981bec0d1d3795a07f1ba96f0204d"},
]

[[package]]
name = "uvicorn"
version = "0.34.0"
requires_python = ">=3.9"
summary = "The lightning-fast ASGI server."
groups = ["default"]
dependencies = [
    "click>=7.0",
    "h11>=0.8",
    "typing-extensions>=4.0; python_version < \"3.11\"",
]
files = [
    {file = "uvicorn-0.34.0-py3-none-any.whl", hash = "sha256:023dc038422502fa28a09c7a30bf2b6991512da7dcdb8fd35fe57cfc154126f4"},
    {file = "uvicorn-0.34.0.tar.gz", hash = "sha256:404051050cd7e905de2c9a7e61790943440b3416f49cb409f965d9dcd0fa73e9"},
]

[[package]]
name = "virtualenv"
version = "20.30.0"
requires_python = ">=3.8"
summary = "Virtual Python Environment builder"
groups = ["default"]
dependencies = [
    "distlib<1,>=0.3.7",
    "filelock<4,>=3.12.2",
    "importlib-metadata>=6.6; python_version < \"3.8\"",
    "platformdirs<5,>=3.9.1",
]
files = [
    {file = "virtualenv-20.30.0-py3-none-any.whl", hash = "sha256:e34302959180fca3af42d1800df014b35019490b119eba981af27f2fa486e5d6"},
    {file = "virtualenv-20.30.0.tar.gz", hash = "sha256:800863162bcaa5450a6e4d721049730e7f2dae07720e0902b0e4040bd6f9ada8"},
]
